// !$*UTF8*$!
{
	archiveVersion = 1;
	classes = {
	};
	objectVersion = 46;
	objects = {

/* Begin PBXBuildFile section */
		685D3339162DB2BC000E9FEE /* UIKit.framework in Frameworks */ = {isa = PBXBuildFile; fileRef = 685D3338162DB2BC000E9FEE /* UIKit.framework */; };
		685D333B162DB2BC000E9FEE /* Foundation.framework in Frameworks */ = {isa = PBXBuildFile; fileRef = 685D333A162DB2BC000E9FEE /* Foundation.framework */; };
		685D333D162DB2BC000E9FEE /* CoreGraphics.framework in Frameworks */ = {isa = PBXBuildFile; fileRef = 685D333C162DB2BC000E9FEE /* CoreGraphics.framework */; };
		685D3343162DB2BC000E9FEE /* InfoPlist.strings in Resources */ = {isa = PBXBuildFile; fileRef = 685D3341162DB2BC000E9FEE /* InfoPlist.strings */; };
		685D3345162DB2BC000E9FEE /* main.m in Sources */ = {isa = PBXBuildFile; fileRef = 685D3344162DB2BC000E9FEE /* main.m */; };
		685D3349162DB2BC000E9FEE /* AppDelegate.m in Sources */ = {isa = PBXBuildFile; fileRef = 685D3348162DB2BC000E9FEE /* AppDelegate.m */; };
		685D334B162DB2BC000E9FEE /* Default.png in Resources */ = {isa = PBXBuildFile; fileRef = 685D334A162DB2BC000E9FEE /* Default.png */; };
		685D334D162DB2BC000E9FEE /* Default@2x.png in Resources */ = {isa = PBXBuildFile; fileRef = 685D334C162DB2BC000E9FEE /* Default@2x.png */; };
		685D334F162DB2BC000E9FEE /* Default-568h@2x.png in Resources */ = {isa = PBXBuildFile; fileRef = 685D334E162DB2BC000E9FEE /* Default-568h@2x.png */; };
		685D3352162DB2BC000E9FEE /* MainStoryboard.storyboard in Resources */ = {isa = PBXBuildFile; fileRef = 685D3350162DB2BC000E9FEE /* MainStoryboard.storyboard */; };
		685D3355162DB2BC000E9FEE /* FirstViewController.m in Sources */ = {isa = PBXBuildFile; fileRef = 685D3354162DB2BC000E9FEE /* FirstViewController.m */; };
		685D3357162DB2BC000E9FEE /* first.png in Resources */ = {isa = PBXBuildFile; fileRef = 685D3356162DB2BC000E9FEE /* first.png */; };
		685D3359162DB2BC000E9FEE /* first@2x.png in Resources */ = {isa = PBXBuildFile; fileRef = 685D3358162DB2BC000E9FEE /* first@2x.png */; };
		685D335C162DB2BC000E9FEE /* SecondViewController.m in Sources */ = {isa = PBXBuildFile; fileRef = 685D335B162DB2BC000E9FEE /* SecondViewController.m */; };
		685D335E162DB2BC000E9FEE /* second.png in Resources */ = {isa = PBXBuildFile; fileRef = 685D335D162DB2BC000E9FEE /* second.png */; };
		685D3360162DB2BC000E9FEE /* second@2x.png in Resources */ = {isa = PBXBuildFile; fileRef = 685D335F162DB2BC000E9FEE /* second@2x.png */; };
/* End PBXBuildFile section */

/* Begin PBXFileReference section */
		685D3334162DB2BC000E9FEE /* OrtofaceApp.app */ = {isa = PBXFileReference; explicitFileType = wrapper.application; includeInIndex = 0; path = OrtofaceApp.app; sourceTree = BUILT_PRODUCTS_DIR; };
		685D3338162DB2BC000E9FEE /* UIKit.framework */ = {isa = PBXFileReference; lastKnownFileType = wrapper.framework; name = UIKit.framework; path = System/Library/Frameworks/UIKit.framework; sourceTree = SDKROOT; };
		685D333A162DB2BC000E9FEE /* Foundation.framework */ = {isa = PBXFileReference; lastKnownFileType = wrapper.framework; name = Foundation.framework; path = System/Library/Frameworks/Foundation.framework; sourceTree = SDKROOT; };
		685D333C162DB2BC000E9FEE /* CoreGraphics.framework */ = {isa = PBXFileReference; lastKnownFileType = wrapper.framework; name = CoreGraphics.framework; path = System/Library/Frameworks/CoreGraphics.framework; sourceTree = SDKROOT; };
		685D3340162DB2BC000E9FEE /* OrtofaceApp-Info.plist */ = {isa = PBXFileReference; lastKnownFileType = text.plist.xml; path = "OrtofaceApp-Info.plist"; sourceTree = "<group>"; };
		685D3342162DB2BC000E9FEE /* en */ = {isa = PBXFileReference; lastKnownFileType = text.plist.strings; name = en; path = en.lproj/InfoPlist.strings; sourceTree = "<group>"; };
		685D3344162DB2BC000E9FEE /* main.m */ = {isa = PBXFileReference; lastKnownFileType = sourcecode.c.objc; path = main.m; sourceTree = "<group>"; };
		685D3346162DB2BC000E9FEE /* OrtofaceApp-Prefix.pch */ = {isa = PBXFileReference; lastKnownFileType = sourcecode.c.h; path = "OrtofaceApp-Prefix.pch"; sourceTree = "<group>"; };
		685D3347162DB2BC000E9FEE /* AppDelegate.h */ = {isa = PBXFileReference; lastKnownFileType = sourcecode.c.h; path = AppDelegate.h; sourceTree = "<group>"; };
		685D3348162DB2BC000E9FEE /* AppDelegate.m */ = {isa = PBXFileReference; lastKnownFileType = sourcecode.c.objc; path = AppDelegate.m; sourceTree = "<group>"; };
		685D334A162DB2BC000E9FEE /* Default.png */ = {isa = PBXFileReference; lastKnownFileType = image.png; path = Default.png; sourceTree = "<group>"; };
		685D334C162DB2BC000E9FEE /* Default@2x.png */ = {isa = PBXFileReference; lastKnownFileType = image.png; path = "Default@2x.png"; sourceTree = "<group>"; };
		685D334E162DB2BC000E9FEE /* Default-568h@2x.png */ = {isa = PBXFileReference; lastKnownFileType = image.png; path = "Default-568h@2x.png"; sourceTree = "<group>"; };
		685D3351162DB2BC000E9FEE /* en */ = {isa = PBXFileReference; lastKnownFileType = file.storyboard; name = en; path = en.lproj/MainStoryboard.storyboard; sourceTree = "<group>"; };
		685D3353162DB2BC000E9FEE /* FirstViewController.h */ = {isa = PBXFileReference; lastKnownFileType = sourcecode.c.h; path = FirstViewController.h; sourceTree = "<group>"; };
		685D3354162DB2BC000E9FEE /* FirstViewController.m */ = {isa = PBXFileReference; lastKnownFileType = sourcecode.c.objc; path = FirstViewController.m; sourceTree = "<group>"; };
		685D3356162DB2BC000E9FEE /* first.png */ = {isa = PBXFileReference; lastKnownFileType = image.png; path = first.png; sourceTree = "<group>"; };
		685D3358162DB2BC000E9FEE /* first@2x.png */ = {isa = PBXFileReference; lastKnownFileType = image.png; path = "first@2x.png"; sourceTree = "<group>"; };
		685D335A162DB2BC000E9FEE /* SecondViewController.h */ = {isa = PBXFileReference; lastKnownFileType = sourcecode.c.h; path = SecondViewController.h; sourceTree = "<group>"; };
		685D335B162DB2BC000E9FEE /* SecondViewController.m */ = {isa = PBXFileReference; lastKnownFileType = sourcecode.c.objc; path = SecondViewController.m; sourceTree = "<group>"; };
		685D335D162DB2BC000E9FEE /* second.png */ = {isa = PBXFileReference; lastKnownFileType = image.png; path = second.png; sourceTree = "<group>"; };
		685D335F162DB2BC000E9FEE /* second@2x.png */ = {isa = PBXFileReference; lastKnownFileType = image.png; path = "second@2x.png"; sourceTree = "<group>"; };
/* End PBXFileReference section */

/* Begin PBXFrameworksBuildPhase section */
		685D3331162DB2BC000E9FEE /* Frameworks */ = {
			isa = PBXFrameworksBuildPhase;
			buildActionMask = 2147483647;
			files = (
				685D3339162DB2BC000E9FEE /* UIKit.framework in Frameworks */,
				685D333B162DB2BC000E9FEE /* Foundation.framework in Frameworks */,
				685D333D162DB2BC000E9FEE /* CoreGraphics.framework in Frameworks */,
			);
			runOnlyForDeploymentPostprocessing = 0;
		};
/* End PBXFrameworksBuildPhase section */

/* Begin PBXGroup section */
		685D3329162DB2BC000E9FEE = {
			isa = PBXGroup;
			children = (
				685D333E162DB2BC000E9FEE /* OrtofaceApp */,
				685D3337162DB2BC000E9FEE /* Frameworks */,
				685D3335162DB2BC000E9FEE /* Products */,
			);
			sourceTree = "<group>";
		};
		685D3335162DB2BC000E9FEE /* Products */ = {
			isa = PBXGroup;
			children = (
				685D3334162DB2BC000E9FEE /* OrtofaceApp.app */,
			);
			name = Products;
			sourceTree = "<group>";
		};
		685D3337162DB2BC000E9FEE /* Frameworks */ = {
			isa = PBXGroup;
			children = (
				685D3338162DB2BC000E9FEE /* UIKit.framework */,
				685D333A162DB2BC000E9FEE /* Foundation.framework */,
				685D333C162DB2BC000E9FEE /* CoreGraphics.framework */,
			);
			name = Frameworks;
			sourceTree = "<group>";
		};
		685D333E162DB2BC000E9FEE /* OrtofaceApp */ = {
			isa = PBXGroup;
			children = (
				685D3347162DB2BC000E9FEE /* AppDelegate.h */,
				685D3348162DB2BC000E9FEE /* AppDelegate.m */,
				685D3350162DB2BC000E9FEE /* MainStoryboard.storyboard */,
				685D3353162DB2BC000E9FEE /* FirstViewController.h */,
				685D3354162DB2BC000E9FEE /* FirstViewController.m */,
				685D3356162DB2BC000E9FEE /* first.png */,
				685D3358162DB2BC000E9FEE /* first@2x.png */,
				685D335A162DB2BC000E9FEE /* SecondViewController.h */,
				685D335B162DB2BC000E9FEE /* SecondViewController.m */,
				685D335D162DB2BC000E9FEE /* second.png */,
				685D335F162DB2BC000E9FEE /* second@2x.png */,
				685D333F162DB2BC000E9FEE /* Supporting Files */,
			);
			path = OrtofaceApp;
			sourceTree = "<group>";
		};
		685D333F162DB2BC000E9FEE /* Supporting Files */ = {
			isa = PBXGroup;
			children = (
				685D3340162DB2BC000E9FEE /* OrtofaceApp-Info.plist */,
				685D3341162DB2BC000E9FEE /* InfoPlist.strings */,
				685D3344162DB2BC000E9FEE /* main.m */,
				685D3346162DB2BC000E9FEE /* OrtofaceApp-Prefix.pch */,
				685D334A162DB2BC000E9FEE /* Default.png */,
				685D334C162DB2BC000E9FEE /* Default@2x.png */,
				685D334E162DB2BC000E9FEE /* Default-568h@2x.png */,
			);
			name = "Supporting Files";
			sourceTree = "<group>";
		};
/* End PBXGroup section */

/* Begin PBXNativeTarget section */
		685D3333162DB2BC000E9FEE /* OrtofaceApp */ = {
			isa = PBXNativeTarget;
			buildConfigurationList = 685D3363162DB2BC000E9FEE /* Build configuration list for PBXNativeTarget "OrtofaceApp" */;
			buildPhases = (
				685D3330162DB2BC000E9FEE /* Sources */,
				685D3331162DB2BC000E9FEE /* Frameworks */,
				685D3332162DB2BC000E9FEE /* Resources */,
			);
			buildRules = (
			);
			dependencies = (
			);
			name = OrtofaceApp;
			productName = OrtofaceApp;
			productReference = 685D3334162DB2BC000E9FEE /* OrtofaceApp.app */;
			productType = "com.apple.product-type.application";
		};
/* End PBXNativeTarget section */

/* Begin PBXProject section */
		685D332B162DB2BC000E9FEE /* Project object */ = {
			isa = PBXProject;
			attributes = {
				LastUpgradeCheck = 0450;
				ORGANIZATIONNAME = "andres ocampo";
			};
			buildConfigurationList = 685D332E162DB2BC000E9FEE /* Build configuration list for PBXProject "OrtofaceApp" */;
			compatibilityVersion = "Xcode 3.2";
			developmentRegion = English;
			hasScannedForEncodings = 0;
			knownRegions = (
				en,
			);
			mainGroup = 685D3329162DB2BC000E9FEE;
			productRefGroup = 685D3335162DB2BC000E9FEE /* Products */;
			projectDirPath = "";
			projectRoot = "";
			targets = (
				685D3333162DB2BC000E9FEE /* OrtofaceApp */,
			);
		};
/* End PBXProject section */

/* Begin PBXResourcesBuildPhase section */
		685D3332162DB2BC000E9FEE /* Resources */ = {
			isa = PBXResourcesBuildPhase;
			buildActionMask = 2147483647;
			files = (
				685D3343162DB2BC000E9FEE /* InfoPlist.strings in Resources */,
				685D334B162DB2BC000E9FEE /* Default.png in Resources */,
				685D334D162DB2BC000E9FEE /* Default@2x.png in Resources */,
				685D334F162DB2BC000E9FEE /* Default-568h@2x.png in Resources */,
				685D3352162DB2BC000E9FEE /* MainStoryboard.storyboard in Resources */,
				685D3357162DB2BC000E9FEE /* first.png in Resources */,
				685D3359162DB2BC000E9FEE /* first@2x.png in Resources */,
				685D335E162DB2BC000E9FEE /* second.png in Resources */,
				685D3360162DB2BC000E9FEE /* second@2x.png in Resources */,
			);
			runOnlyForDeploymentPostprocessing = 0;
		};
/* End PBXResourcesBuildPhase section */

/* Begin PBXSourcesBuildPhase section */
		685D3330162DB2BC000E9FEE /* Sources */ = {
			isa = PBXSourcesBuildPhase;
			buildActionMask = 2147483647;
			files = (
				685D3345162DB2BC000E9FEE /* main.m in Sources */,
				685D3349162DB2BC000E9FEE /* AppDelegate.m in Sources */,
				685D3355162DB2BC000E9FEE /* FirstViewController.m in Sources */,
				685D335C162DB2BC000E9FEE /* SecondViewController.m in Sources */,
			);
			runOnlyForDeploymentPostprocessing = 0;
		};
/* End PBXSourcesBuildPhase section */

/* Begin PBXVariantGroup section */
		685D3341162DB2BC000E9FEE /* InfoPlist.strings */ = {
			isa = PBXVariantGroup;
			children = (
				685D3342162DB2BC000E9FEE /* en */,
			);
			name = InfoPlist.strings;
			sourceTree = "<group>";
		};
		685D3350162DB2BC000E9FEE /* MainStoryboard.storyboard */ = {
			isa = PBXVariantGroup;
			children = (
				685D3351162DB2BC000E9FEE /* en */,
			);
			name = MainStoryboard.storyboard;
			sourceTree = "<group>";
		};
/* End PBXVariantGroup section */

/* Begin XCBuildConfiguration section */
		685D3361162DB2BC000E9FEE /* Debug */ = {
			isa = XCBuildConfiguration;
			buildSettings = {
				ALWAYS_SEARCH_USER_PATHS = NO;
				CLANG_CXX_LANGUAGE_STANDARD = "gnu++0x";
				CLANG_CXX_LIBRARY = "libc++";
				CLANG_ENABLE_OBJC_ARC = YES;
				CLANG_WARN_EMPTY_BODY = YES;
				CLANG_WARN__DUPLICATE_METHOD_MATCH = YES;
				"CODE_SIGN_IDENTITY[sdk=iphoneos*]" = "iPhone Developer";
				COPY_PHASE_STRIP = NO;
				GCC_C_LANGUAGE_STANDARD = gnu99;
				GCC_DYNAMIC_NO_PIC = NO;
				GCC_OPTIMIZATION_LEVEL = 0;
				GCC_PREPROCESSOR_DEFINITIONS = (
					"DEBUG=1",
					"$(inherited)",
				);
				GCC_SYMBOLS_PRIVATE_EXTERN = NO;
				GCC_WARN_ABOUT_RETURN_TYPE = YES;
				GCC_WARN_UNINITIALIZED_AUTOS = YES;
				GCC_WARN_UNUSED_VARIABLE = YES;
				IPHONEOS_DEPLOYMENT_TARGET = 6.0;
				SDKROOT = iphoneos;
				TARGETED_DEVICE_FAMILY = 2;
			};
			name = Debug;
		};
		685D3362162DB2BC000E9FEE /* Release */ = {
			isa = XCBuildConfiguration;
			buildSettings = {
				ALWAYS_SEARCH_USER_PATHS = NO;
				CLANG_CXX_LANGUAGE_STANDARD = "gnu++0x";
				CLANG_CXX_LIBRARY = "libc++";
				CLANG_ENABLE_OBJC_ARC = YES;
				CLANG_WARN_EMPTY_BODY = YES;
				CLANG_WARN__DUPLICATE_METHOD_MATCH = YES;
				"CODE_SIGN_IDENTITY[sdk=iphoneos*]" = "iPhone Developer";
				COPY_PHASE_STRIP = YES;
				GCC_C_LANGUAGE_STANDARD = gnu99;
				GCC_WARN_ABOUT_RETURN_TYPE = YES;
				GCC_WARN_UNINITIALIZED_AUTOS = YES;
				GCC_WARN_UNUSED_VARIABLE = YES;
				IPHONEOS_DEPLOYMENT_TARGET = 6.0;
				OTHER_CFLAGS = "-DNS_BLOCK_ASSERTIONS=1";
				SDKROOT = iphoneos;
				TARGETED_DEVICE_FAMILY = 2;
				VALIDATE_PRODUCT = YES;
			};
			name = Release;
		};
		685D3364162DB2BC000E9FEE /* Debug */ = {
			isa = XCBuildConfiguration;
			buildSettings = {
				GCC_PRECOMPILE_PREFIX_HEADER = YES;
				GCC_PREFIX_HEADER = "OrtofaceApp/OrtofaceApp-Prefix.pch";
				INFOPLIST_FILE = "OrtofaceApp/OrtofaceApp-Info.plist";
				PRODUCT_NAME = "$(TARGET_NAME)";
				WRAPPER_EXTENSION = app;
			};
			name = Debug;
		};
		685D3365162DB2BC000E9FEE /* Release */ = {
			isa = XCBuildConfiguration;
			buildSettings = {
				GCC_PRECOMPILE_PREFIX_HEADER = YES;
				GCC_PREFIX_HEADER = "OrtofaceApp/OrtofaceApp-Prefix.pch";
				INFOPLIST_FILE = "OrtofaceApp/OrtofaceApp-Info.plist";
				PRODUCT_NAME = "$(TARGET_NAME)";
				WRAPPER_EXTENSION = app;
			};
			name = Release;
		};
/* End XCBuildConfiguration section */

/* Begin XCConfigurationList section */
		685D332E162DB2BC000E9FEE /* Build configuration list for PBXProject "OrtofaceApp" */ = {
			isa = XCConfigurationList;
			buildConfigurations = (
				685D3361162DB2BC000E9FEE /* Debug */,
				685D3362162DB2BC000E9FEE /* Release */,
			);
			defaultConfigurationIsVisible = 0;
			defaultConfigurationName = Release;
		};
		685D3363162DB2BC000E9FEE /* Build configuration list for PBXNativeTarget "OrtofaceApp" */ = {
			isa = XCConfigurationList;
			buildConfigurations = (
				685D3364162DB2BC000E9FEE /* Debug */,
				685D3365162DB2BC000E9FEE /* Release */,
			);
			defaultConfigurationIsVisible = 0;
		};
/* End XCConfigurationList section */
	};
	rootObject = 685D332B162DB2BC000E9FEE /* Project object */;
}
